// !$*UTF8*$!
{
	archiveVersion = 1;
	classes = {
	};
	objectVersion = 50;
	objects = {

/* Begin PBXBuildFile section */
		400A33C618239BB5AB8750BB /* Pods_Food_App.framework in Frameworks */ = {isa = PBXBuildFile; fileRef = 843BE54D93716A4A9FDEC309 /* Pods_Food_App.framework */; };
		D521B525228715830028E40E /* ViewProtocols.swift in Sources */ = {isa = PBXBuildFile; fileRef = D521B524228715830028E40E /* ViewProtocols.swift */; };
		D521B527228716D70028E40E /* Extensions.swift in Sources */ = {isa = PBXBuildFile; fileRef = D521B526228716D70028E40E /* Extensions.swift */; };
		D521B52922871D980028E40E /* LoginPresenter.swift in Sources */ = {isa = PBXBuildFile; fileRef = D521B52822871D980028E40E /* LoginPresenter.swift */; };
		D521B52C22871FA50028E40E /* AuthService.swift in Sources */ = {isa = PBXBuildFile; fileRef = D521B52B22871FA50028E40E /* AuthService.swift */; };
		D521B52E228725040028E40E /* Const.swift in Sources */ = {isa = PBXBuildFile; fileRef = D521B52D228725040028E40E /* Const.swift */; };
		D521B530228726C30028E40E /* Alamofire.framework in Frameworks */ = {isa = PBXBuildFile; fileRef = D521B52F228726C30028E40E /* Alamofire.framework */; };
		D521B5322287316D0028E40E /* LoginService.swift in Sources */ = {isa = PBXBuildFile; fileRef = D521B5312287316D0028E40E /* LoginService.swift */; };
		D534569E225338C8005714CD /* AppDelegate.swift in Sources */ = {isa = PBXBuildFile; fileRef = D534569D225338C8005714CD /* AppDelegate.swift */; };
		D53456A0225338C8005714CD /* ViewController.swift in Sources */ = {isa = PBXBuildFile; fileRef = D534569F225338C8005714CD /* ViewController.swift */; };
		D53456A3225338C8005714CD /* Main.storyboard in Resources */ = {isa = PBXBuildFile; fileRef = D53456A1225338C8005714CD /* Main.storyboard */; };
		D53456A5225338C9005714CD /* Assets.xcassets in Resources */ = {isa = PBXBuildFile; fileRef = D53456A4225338C9005714CD /* Assets.xcassets */; };
		D53456A8225338C9005714CD /* LaunchScreen.storyboard in Resources */ = {isa = PBXBuildFile; fileRef = D53456A6225338C9005714CD /* LaunchScreen.storyboard */; };
		D53456B02253556D005714CD /* LoginViewController.swift in Sources */ = {isa = PBXBuildFile; fileRef = D53456AF2253556D005714CD /* LoginViewController.swift */; };
		D53456B2225355B0005714CD /* RegisterViewController.swift in Sources */ = {isa = PBXBuildFile; fileRef = D53456B1225355B0005714CD /* RegisterViewController.swift */; };
		D53AB9642287E16E00D4CE98 /* Product.swift in Sources */ = {isa = PBXBuildFile; fileRef = D53AB9632287E16E00D4CE98 /* Product.swift */; };
		D53AB9662287E3A800D4CE98 /* ProductType.swift in Sources */ = {isa = PBXBuildFile; fileRef = D53AB9652287E3A800D4CE98 /* ProductType.swift */; };
		D53AB96A2287E52500D4CE98 /* MenuViewController.swift in Sources */ = {isa = PBXBuildFile; fileRef = D53AB9692287E52500D4CE98 /* MenuViewController.swift */; };
		D53AB96D2287E61D00D4CE98 /* MenuCell.swift in Sources */ = {isa = PBXBuildFile; fileRef = D53AB96C2287E61D00D4CE98 /* MenuCell.swift */; };
		D53AB96F2287EC0800D4CE98 /* TabBarController.swift in Sources */ = {isa = PBXBuildFile; fileRef = D53AB96E2287EC0800D4CE98 /* TabBarController.swift */; };
/* End PBXBuildFile section */

/* Begin PBXFileReference section */
		5273EE4359281555A4611531 /* Pods-Food App.debug.xcconfig */ = {isa = PBXFileReference; includeInIndex = 1; lastKnownFileType = text.xcconfig; name = "Pods-Food App.debug.xcconfig"; path = "Target Support Files/Pods-Food App/Pods-Food App.debug.xcconfig"; sourceTree = "<group>"; };
		843BE54D93716A4A9FDEC309 /* Pods_Food_App.framework */ = {isa = PBXFileReference; explicitFileType = wrapper.framework; includeInIndex = 0; path = Pods_Food_App.framework; sourceTree = BUILT_PRODUCTS_DIR; };
		D521B524228715830028E40E /* ViewProtocols.swift */ = {isa = PBXFileReference; lastKnownFileType = sourcecode.swift; path = ViewProtocols.swift; sourceTree = "<group>"; };
		D521B526228716D70028E40E /* Extensions.swift */ = {isa = PBXFileReference; lastKnownFileType = sourcecode.swift; path = Extensions.swift; sourceTree = "<group>"; };
		D521B52822871D980028E40E /* LoginPresenter.swift */ = {isa = PBXFileReference; lastKnownFileType = sourcecode.swift; path = LoginPresenter.swift; sourceTree = "<group>"; };
		D521B52B22871FA50028E40E /* AuthService.swift */ = {isa = PBXFileReference; lastKnownFileType = sourcecode.swift; path = AuthService.swift; sourceTree = "<group>"; };
		D521B52D228725040028E40E /* Const.swift */ = {isa = PBXFileReference; lastKnownFileType = sourcecode.swift; path = Const.swift; sourceTree = "<group>"; };
		D521B52F228726C30028E40E /* Alamofire.framework */ = {isa = PBXFileReference; explicitFileType = wrapper.framework; path = Alamofire.framework; sourceTree = BUILT_PRODUCTS_DIR; };
		D521B5312287316D0028E40E /* LoginService.swift */ = {isa = PBXFileReference; lastKnownFileType = sourcecode.swift; path = LoginService.swift; sourceTree = "<group>"; };
		D534569A225338C8005714CD /* Food App.app */ = {isa = PBXFileReference; explicitFileType = wrapper.application; includeInIndex = 0; path = "Food App.app"; sourceTree = BUILT_PRODUCTS_DIR; };
		D534569D225338C8005714CD /* AppDelegate.swift */ = {isa = PBXFileReference; lastKnownFileType = sourcecode.swift; path = AppDelegate.swift; sourceTree = "<group>"; };
		D534569F225338C8005714CD /* ViewController.swift */ = {isa = PBXFileReference; lastKnownFileType = sourcecode.swift; path = ViewController.swift; sourceTree = "<group>"; };
		D53456A2225338C8005714CD /* Base */ = {isa = PBXFileReference; lastKnownFileType = file.storyboard; name = Base; path = Base.lproj/Main.storyboard; sourceTree = "<group>"; };
		D53456A4225338C9005714CD /* Assets.xcassets */ = {isa = PBXFileReference; lastKnownFileType = folder.assetcatalog; path = Assets.xcassets; sourceTree = "<group>"; };
		D53456A7225338C9005714CD /* Base */ = {isa = PBXFileReference; lastKnownFileType = file.storyboard; name = Base; path = Base.lproj/LaunchScreen.storyboard; sourceTree = "<group>"; };
		D53456A9225338C9005714CD /* Info.plist */ = {isa = PBXFileReference; lastKnownFileType = text.plist.xml; path = Info.plist; sourceTree = "<group>"; };
		D53456AF2253556D005714CD /* LoginViewController.swift */ = {isa = PBXFileReference; lastKnownFileType = sourcecode.swift; path = LoginViewController.swift; sourceTree = "<group>"; };
		D53456B1225355B0005714CD /* RegisterViewController.swift */ = {isa = PBXFileReference; lastKnownFileType = sourcecode.swift; path = RegisterViewController.swift; sourceTree = "<group>"; };
		D53AB9632287E16E00D4CE98 /* Product.swift */ = {isa = PBXFileReference; lastKnownFileType = sourcecode.swift; path = Product.swift; sourceTree = "<group>"; };
		D53AB9652287E3A800D4CE98 /* ProductType.swift */ = {isa = PBXFileReference; lastKnownFileType = sourcecode.swift; path = ProductType.swift; sourceTree = "<group>"; };
		D53AB9692287E52500D4CE98 /* MenuViewController.swift */ = {isa = PBXFileReference; lastKnownFileType = sourcecode.swift; path = MenuViewController.swift; sourceTree = "<group>"; };
		D53AB96C2287E61D00D4CE98 /* MenuCell.swift */ = {isa = PBXFileReference; lastKnownFileType = sourcecode.swift; path = MenuCell.swift; sourceTree = "<group>"; };
		D53AB96E2287EC0800D4CE98 /* TabBarController.swift */ = {isa = PBXFileReference; lastKnownFileType = sourcecode.swift; path = TabBarController.swift; sourceTree = "<group>"; };
		FE03888E298D20F754A17CD6 /* Pods-Food App.release.xcconfig */ = {isa = PBXFileReference; includeInIndex = 1; lastKnownFileType = text.xcconfig; name = "Pods-Food App.release.xcconfig"; path = "Target Support Files/Pods-Food App/Pods-Food App.release.xcconfig"; sourceTree = "<group>"; };
/* End PBXFileReference section */

/* Begin PBXFrameworksBuildPhase section */
		D5345697225338C8005714CD /* Frameworks */ = {
			isa = PBXFrameworksBuildPhase;
			buildActionMask = 2147483647;
			files = (
				D521B530228726C30028E40E /* Alamofire.framework in Frameworks */,
				400A33C618239BB5AB8750BB /* Pods_Food_App.framework in Frameworks */,
			);
			runOnlyForDeploymentPostprocessing = 0;
		};
/* End PBXFrameworksBuildPhase section */

/* Begin PBXGroup section */
		04A2EEFD6410A0324B156DE3 /* Frameworks */ = {
			isa = PBXGroup;
			children = (
				D521B52F228726C30028E40E /* Alamofire.framework */,
				843BE54D93716A4A9FDEC309 /* Pods_Food_App.framework */,
			);
			name = Frameworks;
			sourceTree = "<group>";
		};
		60E8C5367A75FF6313887486 /* Pods */ = {
			isa = PBXGroup;
			children = (
				5273EE4359281555A4611531 /* Pods-Food App.debug.xcconfig */,
				FE03888E298D20F754A17CD6 /* Pods-Food App.release.xcconfig */,
			);
			path = Pods;
			sourceTree = "<group>";
		};
		D521B51F228713730028E40E /* presenters */ = {
			isa = PBXGroup;
			children = (
				D521B52822871D980028E40E /* LoginPresenter.swift */,
			);
			path = presenters;
			sourceTree = "<group>";
		};
		D521B5202287138F0028E40E /* views */ = {
			isa = PBXGroup;
			children = (
				D53AB96B2287E60000D4CE98 /* menu */,
				D521B524228715830028E40E /* ViewProtocols.swift */,
				D53456AF2253556D005714CD /* LoginViewController.swift */,
				D53456B1225355B0005714CD /* RegisterViewController.swift */,
				D534569F225338C8005714CD /* ViewController.swift */,
				D53AB96E2287EC0800D4CE98 /* TabBarController.swift */,
			);
			path = views;
			sourceTree = "<group>";
		};
		D521B52A22871F8C0028E40E /* services */ = {
			isa = PBXGroup;
			children = (
				D521B52B22871FA50028E40E /* AuthService.swift */,
				D521B5312287316D0028E40E /* LoginService.swift */,
			);
			path = services;
			sourceTree = "<group>";
		};
		D5345691225338C8005714CD = {
			isa = PBXGroup;
			children = (
				D534569C225338C8005714CD /* Food App */,
				D534569B225338C8005714CD /* Products */,
				60E8C5367A75FF6313887486 /* Pods */,
				04A2EEFD6410A0324B156DE3 /* Frameworks */,
			);
			sourceTree = "<group>";
		};
		D534569B225338C8005714CD /* Products */ = {
			isa = PBXGroup;
			children = (
				D534569A225338C8005714CD /* Food App.app */,
			);
			name = Products;
			sourceTree = "<group>";
		};
		D534569C225338C8005714CD /* Food App */ = {
			isa = PBXGroup;
			children = (
				D53AB9622287E15600D4CE98 /* entities */,
				D521B52A22871F8C0028E40E /* services */,
				D521B5202287138F0028E40E /* views */,
				D521B51F228713730028E40E /* presenters */,
				D534569D225338C8005714CD /* AppDelegate.swift */,
				D53456A1225338C8005714CD /* Main.storyboard */,
				D53456A4225338C9005714CD /* Assets.xcassets */,
				D53456A6225338C9005714CD /* LaunchScreen.storyboard */,
				D53456A9225338C9005714CD /* Info.plist */,
				D521B526228716D70028E40E /* Extensions.swift */,
				D521B52D228725040028E40E /* Const.swift */,
			);
			path = "Food App";
			sourceTree = "<group>";
		};
		D53AB9622287E15600D4CE98 /* entities */ = {
			isa = PBXGroup;
			children = (
				D53AB9632287E16E00D4CE98 /* Product.swift */,
				D53AB9652287E3A800D4CE98 /* ProductType.swift */,
			);
			path = entities;
			sourceTree = "<group>";
		};
		D53AB96B2287E60000D4CE98 /* menu */ = {
			isa = PBXGroup;
			children = (
				D53AB9692287E52500D4CE98 /* MenuViewController.swift */,
				D53AB96C2287E61D00D4CE98 /* MenuCell.swift */,
			);
			path = menu;
			sourceTree = "<group>";
		};
/* End PBXGroup section */

/* Begin PBXNativeTarget section */
		D5345699225338C8005714CD /* Food App */ = {
			isa = PBXNativeTarget;
			buildConfigurationList = D53456AC225338C9005714CD /* Build configuration list for PBXNativeTarget "Food App" */;
			buildPhases = (
				CCDD11B54B67AEE1129C8783 /* [CP] Check Pods Manifest.lock */,
				D5345696225338C8005714CD /* Sources */,
				D5345697225338C8005714CD /* Frameworks */,
				D5345698225338C8005714CD /* Resources */,
				9B9398165C1B4685F875A0CF /* [CP] Embed Pods Frameworks */,
			);
			buildRules = (
			);
			dependencies = (
			);
			name = "Food App";
			productName = "Food App";
			productReference = D534569A225338C8005714CD /* Food App.app */;
			productType = "com.apple.product-type.application";
		};
/* End PBXNativeTarget section */

/* Begin PBXProject section */
		D5345692225338C8005714CD /* Project object */ = {
			isa = PBXProject;
			attributes = {
				LastSwiftUpdateCheck = 0940;
				LastUpgradeCheck = 0940;
				ORGANIZATIONNAME = "Monitor IS";
				TargetAttributes = {
					D5345699225338C8005714CD = {
						CreatedOnToolsVersion = 9.4.1;
					};
				};
			};
			buildConfigurationList = D5345695225338C8005714CD /* Build configuration list for PBXProject "Food App" */;
			compatibilityVersion = "Xcode 9.3";
			developmentRegion = en;
			hasScannedForEncodings = 0;
			knownRegions = (
				en,
				Base,
			);
			mainGroup = D5345691225338C8005714CD;
			productRefGroup = D534569B225338C8005714CD /* Products */;
			projectDirPath = "";
			projectRoot = "";
			targets = (
				D5345699225338C8005714CD /* Food App */,
			);
		};
/* End PBXProject section */

/* Begin PBXResourcesBuildPhase section */
		D5345698225338C8005714CD /* Resources */ = {
			isa = PBXResourcesBuildPhase;
			buildActionMask = 2147483647;
			files = (
				D53456A8225338C9005714CD /* LaunchScreen.storyboard in Resources */,
				D53456A5225338C9005714CD /* Assets.xcassets in Resources */,
				D53456A3225338C8005714CD /* Main.storyboard in Resources */,
			);
			runOnlyForDeploymentPostprocessing = 0;
		};
/* End PBXResourcesBuildPhase section */

/* Begin PBXShellScriptBuildPhase section */
		9B9398165C1B4685F875A0CF /* [CP] Embed Pods Frameworks */ = {
			isa = PBXShellScriptBuildPhase;
			buildActionMask = 2147483647;
			files = (
			);
			inputPaths = (
				"${PODS_ROOT}/Target Support Files/Pods-Food App/Pods-Food App-frameworks.sh",
				"${BUILT_PRODUCTS_DIR}/Alamofire/Alamofire.framework",
				"${BUILT_PRODUCTS_DIR}/AlamofireImage/AlamofireImage.framework",
				"${BUILT_PRODUCTS_DIR}/SwiftyJSON/SwiftyJSON.framework",
			);
			name = "[CP] Embed Pods Frameworks";
			outputPaths = (
				"${TARGET_BUILD_DIR}/${FRAMEWORKS_FOLDER_PATH}/Alamofire.framework",
				"${TARGET_BUILD_DIR}/${FRAMEWORKS_FOLDER_PATH}/AlamofireImage.framework",
				"${TARGET_BUILD_DIR}/${FRAMEWORKS_FOLDER_PATH}/SwiftyJSON.framework",
			);
			runOnlyForDeploymentPostprocessing = 0;
			shellPath = /bin/sh;
			shellScript = "\"${PODS_ROOT}/Target Support Files/Pods-Food App/Pods-Food App-frameworks.sh\"\n";
			showEnvVarsInLog = 0;
		};
		CCDD11B54B67AEE1129C8783 /* [CP] Check Pods Manifest.lock */ = {
			isa = PBXShellScriptBuildPhase;
			buildActionMask = 2147483647;
			files = (
			);
			inputPaths = (
				"${PODS_PODFILE_DIR_PATH}/Podfile.lock",
				"${PODS_ROOT}/Manifest.lock",
			);
			name = "[CP] Check Pods Manifest.lock";
			outputPaths = (
				"$(DERIVED_FILE_DIR)/Pods-Food App-checkManifestLockResult.txt",
			);
			runOnlyForDeploymentPostprocessing = 0;
			shellPath = /bin/sh;
			shellScript = "diff \"${PODS_PODFILE_DIR_PATH}/Podfile.lock\" \"${PODS_ROOT}/Manifest.lock\" > /dev/null\nif [ $? != 0 ] ; then\n    # print error to STDERR\n    echo \"error: The sandbox is not in sync with the Podfile.lock. Run 'pod install' or update your CocoaPods installation.\" >&2\n    exit 1\nfi\n# This output is used by Xcode 'outputs' to avoid re-running this script phase.\necho \"SUCCESS\" > \"${SCRIPT_OUTPUT_FILE_0}\"\n";
			showEnvVarsInLog = 0;
		};
/* End PBXShellScriptBuildPhase section */

/* Begin PBXSourcesBuildPhase section */
		D5345696225338C8005714CD /* Sources */ = {
			isa = PBXSourcesBuildPhase;
			buildActionMask = 2147483647;
			files = (
				D53AB96D2287E61D00D4CE98 /* MenuCell.swift in Sources */,
				D53456B02253556D005714CD /* LoginViewController.swift in Sources */,
				D521B527228716D70028E40E /* Extensions.swift in Sources */,
				D53AB96F2287EC0800D4CE98 /* TabBarController.swift in Sources */,
				D521B52922871D980028E40E /* LoginPresenter.swift in Sources */,
				D521B52C22871FA50028E40E /* AuthService.swift in Sources */,
				D53456A0225338C8005714CD /* ViewController.swift in Sources */,
				D53AB9642287E16E00D4CE98 /* Product.swift in Sources */,
				D534569E225338C8005714CD /* AppDelegate.swift in Sources */,
				D53AB96A2287E52500D4CE98 /* MenuViewController.swift in Sources */,
				D53456B2225355B0005714CD /* RegisterViewController.swift in Sources */,
				D521B5322287316D0028E40E /* LoginService.swift in Sources */,
				D521B525228715830028E40E /* ViewProtocols.swift in Sources */,
				D521B52E228725040028E40E /* Const.swift in Sources */,
				D53AB9662287E3A800D4CE98 /* ProductType.swift in Sources */,
			);
			runOnlyForDeploymentPostprocessing = 0;
		};
/* End PBXSourcesBuildPhase section */

/* Begin PBXVariantGroup section */
		D53456A1225338C8005714CD /* Main.storyboard */ = {
			isa = PBXVariantGroup;
			children = (
				D53456A2225338C8005714CD /* Base */,
			);
			name = Main.storyboard;
			sourceTree = "<group>";
		};
		D53456A6225338C9005714CD /* LaunchScreen.storyboard */ = {
			isa = PBXVariantGroup;
			children = (
				D53456A7225338C9005714CD /* Base */,
			);
			name = LaunchScreen.storyboard;
			sourceTree = "<group>";
		};
/* End PBXVariantGroup section */

/* Begin XCBuildConfiguration section */
		D53456AA225338C9005714CD /* Debug */ = {
			isa = XCBuildConfiguration;
			buildSettings = {
				ALWAYS_SEARCH_USER_PATHS = NO;
				CLANG_ANALYZER_NONNULL = YES;
				CLANG_ANALYZER_NUMBER_OBJECT_CONVERSION = YES_AGGRESSIVE;
				CLANG_CXX_LANGUAGE_STANDARD = "gnu++14";
				CLANG_CXX_LIBRARY = "libc++";
				CLANG_ENABLE_MODULES = YES;
				CLANG_ENABLE_OBJC_ARC = YES;
				CLANG_ENABLE_OBJC_WEAK = YES;
				CLANG_WARN_BLOCK_CAPTURE_AUTORELEASING = YES;
				CLANG_WARN_BOOL_CONVERSION = YES;
				CLANG_WARN_COMMA = YES;
				CLANG_WARN_CONSTANT_CONVERSION = YES;
				CLANG_WARN_DEPRECATED_OBJC_IMPLEMENTATIONS = YES;
				CLANG_WARN_DIRECT_OBJC_ISA_USAGE = YES_ERROR;
				CLANG_WARN_DOCUMENTATION_COMMENTS = YES;
				CLANG_WARN_EMPTY_BODY = YES;
				CLANG_WARN_ENUM_CONVERSION = YES;
				CLANG_WARN_INFINITE_RECURSION = YES;
				CLANG_WARN_INT_CONVERSION = YES;
				CLANG_WARN_NON_LITERAL_NULL_CONVERSION = YES;
				CLANG_WARN_OBJC_IMPLICIT_RETAIN_SELF = YES;
				CLANG_WARN_OBJC_LITERAL_CONVERSION = YES;
				CLANG_WARN_OBJC_ROOT_CLASS = YES_ERROR;
				CLANG_WARN_RANGE_LOOP_ANALYSIS = YES;
				CLANG_WARN_STRICT_PROTOTYPES = YES;
				CLANG_WARN_SUSPICIOUS_MOVE = YES;
				CLANG_WARN_UNGUARDED_AVAILABILITY = YES_AGGRESSIVE;
				CLANG_WARN_UNREACHABLE_CODE = YES;
				CLANG_WARN__DUPLICATE_METHOD_MATCH = YES;
				CODE_SIGN_IDENTITY = "iPhone Developer";
				COPY_PHASE_STRIP = NO;
				DEBUG_INFORMATION_FORMAT = dwarf;
				ENABLE_STRICT_OBJC_MSGSEND = YES;
				ENABLE_TESTABILITY = YES;
				GCC_C_LANGUAGE_STANDARD = gnu11;
				GCC_DYNAMIC_NO_PIC = NO;
				GCC_NO_COMMON_BLOCKS = YES;
				GCC_OPTIMIZATION_LEVEL = 0;
				GCC_PREPROCESSOR_DEFINITIONS = (
					"DEBUG=1",
					"$(inherited)",
				);
				GCC_WARN_64_TO_32_BIT_CONVERSION = YES;
				GCC_WARN_ABOUT_RETURN_TYPE = YES_ERROR;
				GCC_WARN_UNDECLARED_SELECTOR = YES;
				GCC_WARN_UNINITIALIZED_AUTOS = YES_AGGRESSIVE;
				GCC_WARN_UNUSED_FUNCTION = YES;
				GCC_WARN_UNUSED_VARIABLE = YES;
				IPHONEOS_DEPLOYMENT_TARGET = 11.4;
				MTL_ENABLE_DEBUG_INFO = YES;
				ONLY_ACTIVE_ARCH = YES;
				SDKROOT = iphoneos;
				SWIFT_ACTIVE_COMPILATION_CONDITIONS = DEBUG;
				SWIFT_OPTIMIZATION_LEVEL = "-Onone";
			};
			name = Debug;
		};
		D53456AB225338C9005714CD /* Release */ = {
			isa = XCBuildConfiguration;
			buildSettings = {
				ALWAYS_SEARCH_USER_PATHS = NO;
				CLANG_ANALYZER_NONNULL = YES;
				CLANG_ANALYZER_NUMBER_OBJECT_CONVERSION = YES_AGGRESSIVE;
				CLANG_CXX_LANGUAGE_STANDARD = "gnu++14";
				CLANG_CXX_LIBRARY = "libc++";
				CLANG_ENABLE_MODULES = YES;
				CLANG_ENABLE_OBJC_ARC = YES;
				CLANG_ENABLE_OBJC_WEAK = YES;
				CLANG_WARN_BLOCK_CAPTURE_AUTORELEASING = YES;
				CLANG_WARN_BOOL_CONVERSION = YES;
				CLANG_WARN_COMMA = YES;
				CLANG_WARN_CONSTANT_CONVERSION = YES;
				CLANG_WARN_DEPRECATED_OBJC_IMPLEMENTATIONS = YES;
				CLANG_WARN_DIRECT_OBJC_ISA_USAGE = YES_ERROR;
				CLANG_WARN_DOCUMENTATION_COMMENTS = YES;
				CLANG_WARN_EMPTY_BODY = YES;
				CLANG_WARN_ENUM_CONVERSION = YES;
				CLANG_WARN_INFINITE_RECURSION = YES;
				CLANG_WARN_INT_CONVERSION = YES;
				CLANG_WARN_NON_LITERAL_NULL_CONVERSION = YES;
				CLANG_WARN_OBJC_IMPLICIT_RETAIN_SELF = YES;
				CLANG_WARN_OBJC_LITERAL_CONVERSION = YES;
				CLANG_WARN_OBJC_ROOT_CLASS = YES_ERROR;
				CLANG_WARN_RANGE_LOOP_ANALYSIS = YES;
				CLANG_WARN_STRICT_PROTOTYPES = YES;
				CLANG_WARN_SUSPICIOUS_MOVE = YES;
				CLANG_WARN_UNGUARDED_AVAILABILITY = YES_AGGRESSIVE;
				CLANG_WARN_UNREACHABLE_CODE = YES;
				CLANG_WARN__DUPLICATE_METHOD_MATCH = YES;
				CODE_SIGN_IDENTITY = "iPhone Developer";
				COPY_PHASE_STRIP = NO;
				DEBUG_INFORMATION_FORMAT = "dwarf-with-dsym";
				ENABLE_NS_ASSERTIONS = NO;
				ENABLE_STRICT_OBJC_MSGSEND = YES;
				GCC_C_LANGUAGE_STANDARD = gnu11;
				GCC_NO_COMMON_BLOCKS = YES;
				GCC_WARN_64_TO_32_BIT_CONVERSION = YES;
				GCC_WARN_ABOUT_RETURN_TYPE = YES_ERROR;
				GCC_WARN_UNDECLARED_SELECTOR = YES;
				GCC_WARN_UNINITIALIZED_AUTOS = YES_AGGRESSIVE;
				GCC_WARN_UNUSED_FUNCTION = YES;
				GCC_WARN_UNUSED_VARIABLE = YES;
				IPHONEOS_DEPLOYMENT_TARGET = 11.4;
				MTL_ENABLE_DEBUG_INFO = NO;
				SDKROOT = iphoneos;
				SWIFT_COMPILATION_MODE = wholemodule;
				SWIFT_OPTIMIZATION_LEVEL = "-O";
				VALIDATE_PRODUCT = YES;
			};
			name = Release;
		};
		D53456AD225338C9005714CD /* Debug */ = {
			isa = XCBuildConfiguration;
			baseConfigurationReference = 5273EE4359281555A4611531 /* Pods-Food App.debug.xcconfig */;
			buildSettings = {
				ASSETCATALOG_COMPILER_APPICON_NAME = AppIcon;
				CODE_SIGN_STYLE = Automatic;
				DEVELOPMENT_TEAM = 7ZNW77JVWX;
				FRAMEWORK_SEARCH_PATHS = "$(inherited)";
				INFOPLIST_FILE = "Food App/Info.plist";
				PRODUCT_BUNDLE_IDENTIFIER = "monitor-is.Food-App";
				PRODUCT_NAME = "$(TARGET_NAME)";
				SWIFT_VERSION = 4.0;
				TARGETED_DEVICE_FAMILY = "1,2";
			};
			name = Debug;
		};
		D53456AE225338C9005714CD /* Release */ = {
			isa = XCBuildConfiguration;
			baseConfigurationReference = FE03888E298D20F754A17CD6 /* Pods-Food App.release.xcconfig */;
			buildSettings = {
				ASSETCATALOG_COMPILER_APPICON_NAME = AppIcon;
				CODE_SIGN_STYLE = Automatic;
				DEVELOPMENT_TEAM = 7ZNW77JVWX;
				FRAMEWORK_SEARCH_PATHS = "$(inherited)";
				INFOPLIST_FILE = "Food App/Info.plist";
				PRODUCT_BUNDLE_IDENTIFIER = "monitor-is.Food-App";
				PRODUCT_NAME = "$(TARGET_NAME)";
				SWIFT_VERSION = 4.0;
				TARGETED_DEVICE_FAMILY = "1,2";
			};
			name = Release;
		};
/* End XCBuildConfiguration section */

/* Begin XCConfigurationList section */
		D5345695225338C8005714CD /* Build configuration list for PBXProject "Food App" */ = {
			isa = XCConfigurationList;
			buildConfigurations = (
				D53456AA225338C9005714CD /* Debug */,
				D53456AB225338C9005714CD /* Release */,
			);
			defaultConfigurationIsVisible = 0;
			defaultConfigurationName = Release;
		};
		D53456AC225338C9005714CD /* Build configuration list for PBXNativeTarget "Food App" */ = {
			isa = XCConfigurationList;
			buildConfigurations = (
				D53456AD225338C9005714CD /* Debug */,
				D53456AE225338C9005714CD /* Release */,
			);
			defaultConfigurationIsVisible = 0;
			defaultConfigurationName = Release;
		};
/* End XCConfigurationList section */
	};
	rootObject = D5345692225338C8005714CD /* Project object */;
}
